// !$*UTF8*$!
{
	archiveVersion = 1;
	classes = {
	};
	objectVersion = 50;
	objects = {

/* Begin PBXBuildFile section */
		B503F08821A048E000D01190 /* Assets.xcassets in Resources */ = {isa = PBXBuildFile; fileRef = B503F08721A048E000D01190 /* Assets.xcassets */; };
		B5154E5121A5BF9600522E95 /* MsgForCell.swift in Sources */ = {isa = PBXBuildFile; fileRef = B5154E5021A5BF9600522E95 /* MsgForCell.swift */; };
		B51B03CA21A82EE900CE0CEC /* ChatIndividualCell.swift in Sources */ = {isa = PBXBuildFile; fileRef = B51B03C921A82EE900CE0CEC /* ChatIndividualCell.swift */; };
		B51B03CC21A8397300CE0CEC /* PaddingLabel.swift in Sources */ = {isa = PBXBuildFile; fileRef = B51B03CB21A8397300CE0CEC /* PaddingLabel.swift */; };
		B542D08C219EE460005C9DB6 /* GoogleService-Info.plist in Resources */ = {isa = PBXBuildFile; fileRef = B542D08B219EE460005C9DB6 /* GoogleService-Info.plist */; };
		B542D0BC219EFE5C005C9DB6 /* SignUpVC.swift in Sources */ = {isa = PBXBuildFile; fileRef = B542D0BB219EFE5C005C9DB6 /* SignUpVC.swift */; };
		B5532EA921A4425D006187AB /* ChatVC.swift in Sources */ = {isa = PBXBuildFile; fileRef = B5532EA821A4425D006187AB /* ChatVC.swift */; };
		B5532EAB21A442A3006187AB /* ChatCell.swift in Sources */ = {isa = PBXBuildFile; fileRef = B5532EAA21A442A3006187AB /* ChatCell.swift */; };
		B5532EAD21A44E95006187AB /* ChatIndividualVC.swift in Sources */ = {isa = PBXBuildFile; fileRef = B5532EAC21A44E95006187AB /* ChatIndividualVC.swift */; };
		B59E168721A01D00007F27CB /* Main.storyboard in Resources */ = {isa = PBXBuildFile; fileRef = B59E168521A01D00007F27CB /* Main.storyboard */; };
		B59EE49521A3E61100025C18 /* ProfileSideVC.swift in Sources */ = {isa = PBXBuildFile; fileRef = B59EE49421A3E61100025C18 /* ProfileSideVC.swift */; };
		B59EE49721A3F50E00025C18 /* FriendsCell.swift in Sources */ = {isa = PBXBuildFile; fileRef = B59EE49621A3F50E00025C18 /* FriendsCell.swift */; };
		B5A63FA221A91EBC00861A34 /* FlexibleTextView.swift in Sources */ = {isa = PBXBuildFile; fileRef = B5A63FA121A91EBC00861A34 /* FlexibleTextView.swift */; };
		B5A63FA421A92BB200861A34 /* ScrollWhenKeyboardShows.swift in Sources */ = {isa = PBXBuildFile; fileRef = B5A63FA321A92BB200861A34 /* ScrollWhenKeyboardShows.swift */; };
		B5ABEEE021A3B9FB00B0301D /* SWRevealViewController.m in Sources */ = {isa = PBXBuildFile; fileRef = B5ABEEDF21A3B9FB00B0301D /* SWRevealViewController.m */; };
		B5ABEEE221A3BCEF00B0301D /* GradientSwift.swift in Sources */ = {isa = PBXBuildFile; fileRef = B5ABEEE121A3BCEF00B0301D /* GradientSwift.swift */; };
		B5B751AC219B011E00D94DF0 /* AppDelegate.swift in Sources */ = {isa = PBXBuildFile; fileRef = B5B751AB219B011E00D94DF0 /* AppDelegate.swift */; };
		B5B751B6219B012300D94DF0 /* LaunchScreen.storyboard in Resources */ = {isa = PBXBuildFile; fileRef = B5B751B4219B012300D94DF0 /* LaunchScreen.storyboard */; };
		B5C0271421A70A3F00997559 /* EditProfileVC.swift in Sources */ = {isa = PBXBuildFile; fileRef = B5C0271321A70A3F00997559 /* EditProfileVC.swift */; };
		B5C2C438219F15EF00E6D3EC /* LoginVC.swift in Sources */ = {isa = PBXBuildFile; fileRef = B5C2C437219F15EF00E6D3EC /* LoginVC.swift */; };
		B5C81A99ACEF262C7A8D3D1D /* Pods_NewTalk.framework in Frameworks */ = {isa = PBXBuildFile; fileRef = FB488CABCC5BF5EC6CC9C626 /* Pods_NewTalk.framework */; };
		B5DB34D721A8E5C5009CB768 /* BaseTableView.swift in Sources */ = {isa = PBXBuildFile; fileRef = B5DB34D621A8E5C5009CB768 /* BaseTableView.swift */; };
		B5DB34D921A8E833009CB768 /* TableViewScroll.swift in Sources */ = {isa = PBXBuildFile; fileRef = B5DB34D821A8E833009CB768 /* TableViewScroll.swift */; };
		B5E6096A219FD3DE0021F8C9 /* Stawix - SoinSansNeue-Black.otf in Resources */ = {isa = PBXBuildFile; fileRef = B542D09F219EE98E005C9DB6 /* Stawix - SoinSansNeue-Black.otf */; };
		B5E6096B219FD3DE0021F8C9 /* Stawix - SoinSansNeue-BlackItalic.otf in Resources */ = {isa = PBXBuildFile; fileRef = B542D093219EE98C005C9DB6 /* Stawix - SoinSansNeue-BlackItalic.otf */; };
		B5E6096C219FD3DE0021F8C9 /* Stawix - SoinSansNeue-Bold.otf in Resources */ = {isa = PBXBuildFile; fileRef = B542D0A3219EE98F005C9DB6 /* Stawix - SoinSansNeue-Bold.otf */; };
		B5E6096D219FD3DE0021F8C9 /* Stawix - SoinSansNeue-BoldItalic.otf in Resources */ = {isa = PBXBuildFile; fileRef = B542D0A0219EE98E005C9DB6 /* Stawix - SoinSansNeue-BoldItalic.otf */; };
		B5E6096E219FD3DE0021F8C9 /* Stawix - SoinSansNeue-ExtraLight.otf in Resources */ = {isa = PBXBuildFile; fileRef = B542D09C219EE98D005C9DB6 /* Stawix - SoinSansNeue-ExtraLight.otf */; };
		B5E6096F219FD3DE0021F8C9 /* Stawix - SoinSansNeue-ExtraLightItalic.otf in Resources */ = {isa = PBXBuildFile; fileRef = B542D095219EE98C005C9DB6 /* Stawix - SoinSansNeue-ExtraLightItalic.otf */; };
		B5E60970219FD3DE0021F8C9 /* Stawix - SoinSansNeue-Hairline.otf in Resources */ = {isa = PBXBuildFile; fileRef = B542D094219EE98C005C9DB6 /* Stawix - SoinSansNeue-Hairline.otf */; };
		B5E60971219FD3DE0021F8C9 /* Stawix - SoinSansNeue-HairlineItalic.otf in Resources */ = {isa = PBXBuildFile; fileRef = B542D0A1219EE98E005C9DB6 /* Stawix - SoinSansNeue-HairlineItalic.otf */; };
		B5E60972219FD3DE0021F8C9 /* Stawix - SoinSansNeue-Heavy.otf in Resources */ = {isa = PBXBuildFile; fileRef = B542D0A2219EE98E005C9DB6 /* Stawix - SoinSansNeue-Heavy.otf */; };
		B5E60973219FD3DE0021F8C9 /* Stawix - SoinSansNeue-HeavyItalic.otf in Resources */ = {isa = PBXBuildFile; fileRef = B542D09B219EE98D005C9DB6 /* Stawix - SoinSansNeue-HeavyItalic.otf */; };
		B5E60974219FD3DE0021F8C9 /* Stawix - SoinSansNeue-Italic.otf in Resources */ = {isa = PBXBuildFile; fileRef = B542D09E219EE98D005C9DB6 /* Stawix - SoinSansNeue-Italic.otf */; };
		B5E60975219FD3DE0021F8C9 /* Stawix - SoinSansNeue-Light.otf in Resources */ = {isa = PBXBuildFile; fileRef = B542D0A4219EE98F005C9DB6 /* Stawix - SoinSansNeue-Light.otf */; };
		B5E60976219FD3DE0021F8C9 /* Stawix - SoinSansNeue-LightItalic.otf in Resources */ = {isa = PBXBuildFile; fileRef = B542D09D219EE98D005C9DB6 /* Stawix - SoinSansNeue-LightItalic.otf */; };
		B5E60977219FD3DE0021F8C9 /* Stawix - SoinSansNeue-Medium.otf in Resources */ = {isa = PBXBuildFile; fileRef = B542D096219EE98C005C9DB6 /* Stawix - SoinSansNeue-Medium.otf */; };
		B5E60978219FD3DE0021F8C9 /* Stawix - SoinSansNeue-MediumItalic.otf in Resources */ = {isa = PBXBuildFile; fileRef = B542D097219EE98C005C9DB6 /* Stawix - SoinSansNeue-MediumItalic.otf */; };
		B5E60979219FD3DE0021F8C9 /* Stawix - SoinSansNeue-Roman.otf in Resources */ = {isa = PBXBuildFile; fileRef = B542D099219EE98D005C9DB6 /* Stawix - SoinSansNeue-Roman.otf */; };
		B5E6097A219FD3DE0021F8C9 /* Stawix - SoinSansNeue-Thin.otf in Resources */ = {isa = PBXBuildFile; fileRef = B542D09A219EE98D005C9DB6 /* Stawix - SoinSansNeue-Thin.otf */; };
		B5E6097B219FD3DE0021F8C9 /* Stawix - SoinSansNeue-ThinItalic.otf in Resources */ = {isa = PBXBuildFile; fileRef = B542D098219EE98C005C9DB6 /* Stawix - SoinSansNeue-ThinItalic.otf */; };
		B5E6097D219FDC9C0021F8C9 /* Handy.swift in Sources */ = {isa = PBXBuildFile; fileRef = B5E6097C219FDC9C0021F8C9 /* Handy.swift */; };
		B5E6097F219FEBD70021F8C9 /* AuthVC.swift in Sources */ = {isa = PBXBuildFile; fileRef = B5E6097E219FEBD70021F8C9 /* AuthVC.swift */; };
		B5E60981219FEDCA0021F8C9 /* MeVC.swift in Sources */ = {isa = PBXBuildFile; fileRef = B5E60980219FEDCA0021F8C9 /* MeVC.swift */; };
		B5E6098321A014280021F8C9 /* MyTabbarClassVC.swift in Sources */ = {isa = PBXBuildFile; fileRef = B5E6098221A014280021F8C9 /* MyTabbarClassVC.swift */; };
		B5E6098521A018730021F8C9 /* AddFriendsVC.swift in Sources */ = {isa = PBXBuildFile; fileRef = B5E6098421A018730021F8C9 /* AddFriendsVC.swift */; };
		B5F03B9121AE584200001FBD /* SendPhotoVC.swift in Sources */ = {isa = PBXBuildFile; fileRef = B5F03B9021AE584200001FBD /* SendPhotoVC.swift */; };
		B5FA89D421BE81F9007FD8BC /* RoundView.swift in Sources */ = {isa = PBXBuildFile; fileRef = B5FA89D321BE81F9007FD8BC /* RoundView.swift */; };
		B5FC25F2219FCA7A002287AF /* DataService.swift in Sources */ = {isa = PBXBuildFile; fileRef = B5FC25F1219FCA7A002287AF /* DataService.swift */; };
		B5FC25F4219FCE1A002287AF /* AuthService.swift in Sources */ = {isa = PBXBuildFile; fileRef = B5FC25F3219FCE1A002287AF /* AuthService.swift */; };
/* End PBXBuildFile section */

/* Begin PBXFileReference section */
		03556B118AF5A131037BA145 /* Pods-NewTalk.release.xcconfig */ = {isa = PBXFileReference; includeInIndex = 1; lastKnownFileType = text.xcconfig; name = "Pods-NewTalk.release.xcconfig"; path = "Pods/Target Support Files/Pods-NewTalk/Pods-NewTalk.release.xcconfig"; sourceTree = "<group>"; };
		17F401594EA56CFA29394BC2 /* Pods-NewTalk.debug.xcconfig */ = {isa = PBXFileReference; includeInIndex = 1; lastKnownFileType = text.xcconfig; name = "Pods-NewTalk.debug.xcconfig"; path = "Pods/Target Support Files/Pods-NewTalk/Pods-NewTalk.debug.xcconfig"; sourceTree = "<group>"; };
		B503F08721A048E000D01190 /* Assets.xcassets */ = {isa = PBXFileReference; lastKnownFileType = folder.assetcatalog; path = Assets.xcassets; sourceTree = "<group>"; };
		B5154E5021A5BF9600522E95 /* MsgForCell.swift */ = {isa = PBXFileReference; lastKnownFileType = sourcecode.swift; path = MsgForCell.swift; sourceTree = "<group>"; };
		B51B03C921A82EE900CE0CEC /* ChatIndividualCell.swift */ = {isa = PBXFileReference; lastKnownFileType = sourcecode.swift; path = ChatIndividualCell.swift; sourceTree = "<group>"; };
		B51B03CB21A8397300CE0CEC /* PaddingLabel.swift */ = {isa = PBXFileReference; lastKnownFileType = sourcecode.swift; path = PaddingLabel.swift; sourceTree = "<group>"; };
		B542D08B219EE460005C9DB6 /* GoogleService-Info.plist */ = {isa = PBXFileReference; fileEncoding = 4; lastKnownFileType = text.plist.xml; path = "GoogleService-Info.plist"; sourceTree = "<group>"; };
		B542D093219EE98C005C9DB6 /* Stawix - SoinSansNeue-BlackItalic.otf */ = {isa = PBXFileReference; lastKnownFileType = file; path = "Stawix - SoinSansNeue-BlackItalic.otf"; sourceTree = "<group>"; };
		B542D094219EE98C005C9DB6 /* Stawix - SoinSansNeue-Hairline.otf */ = {isa = PBXFileReference; lastKnownFileType = file; path = "Stawix - SoinSansNeue-Hairline.otf"; sourceTree = "<group>"; };
		B542D095219EE98C005C9DB6 /* Stawix - SoinSansNeue-ExtraLightItalic.otf */ = {isa = PBXFileReference; lastKnownFileType = file; path = "Stawix - SoinSansNeue-ExtraLightItalic.otf"; sourceTree = "<group>"; };
		B542D096219EE98C005C9DB6 /* Stawix - SoinSansNeue-Medium.otf */ = {isa = PBXFileReference; lastKnownFileType = file; path = "Stawix - SoinSansNeue-Medium.otf"; sourceTree = "<group>"; };
		B542D097219EE98C005C9DB6 /* Stawix - SoinSansNeue-MediumItalic.otf */ = {isa = PBXFileReference; lastKnownFileType = file; path = "Stawix - SoinSansNeue-MediumItalic.otf"; sourceTree = "<group>"; };
		B542D098219EE98C005C9DB6 /* Stawix - SoinSansNeue-ThinItalic.otf */ = {isa = PBXFileReference; lastKnownFileType = file; path = "Stawix - SoinSansNeue-ThinItalic.otf"; sourceTree = "<group>"; };
		B542D099219EE98D005C9DB6 /* Stawix - SoinSansNeue-Roman.otf */ = {isa = PBXFileReference; lastKnownFileType = file; path = "Stawix - SoinSansNeue-Roman.otf"; sourceTree = "<group>"; };
		B542D09A219EE98D005C9DB6 /* Stawix - SoinSansNeue-Thin.otf */ = {isa = PBXFileReference; lastKnownFileType = file; path = "Stawix - SoinSansNeue-Thin.otf"; sourceTree = "<group>"; };
		B542D09B219EE98D005C9DB6 /* Stawix - SoinSansNeue-HeavyItalic.otf */ = {isa = PBXFileReference; lastKnownFileType = file; path = "Stawix - SoinSansNeue-HeavyItalic.otf"; sourceTree = "<group>"; };
		B542D09C219EE98D005C9DB6 /* Stawix - SoinSansNeue-ExtraLight.otf */ = {isa = PBXFileReference; lastKnownFileType = file; path = "Stawix - SoinSansNeue-ExtraLight.otf"; sourceTree = "<group>"; };
		B542D09D219EE98D005C9DB6 /* Stawix - SoinSansNeue-LightItalic.otf */ = {isa = PBXFileReference; lastKnownFileType = file; path = "Stawix - SoinSansNeue-LightItalic.otf"; sourceTree = "<group>"; };
		B542D09E219EE98D005C9DB6 /* Stawix - SoinSansNeue-Italic.otf */ = {isa = PBXFileReference; lastKnownFileType = file; path = "Stawix - SoinSansNeue-Italic.otf"; sourceTree = "<group>"; };
		B542D09F219EE98E005C9DB6 /* Stawix - SoinSansNeue-Black.otf */ = {isa = PBXFileReference; lastKnownFileType = file; path = "Stawix - SoinSansNeue-Black.otf"; sourceTree = "<group>"; };
		B542D0A0219EE98E005C9DB6 /* Stawix - SoinSansNeue-BoldItalic.otf */ = {isa = PBXFileReference; lastKnownFileType = file; path = "Stawix - SoinSansNeue-BoldItalic.otf"; sourceTree = "<group>"; };
		B542D0A1219EE98E005C9DB6 /* Stawix - SoinSansNeue-HairlineItalic.otf */ = {isa = PBXFileReference; lastKnownFileType = file; path = "Stawix - SoinSansNeue-HairlineItalic.otf"; sourceTree = "<group>"; };
		B542D0A2219EE98E005C9DB6 /* Stawix - SoinSansNeue-Heavy.otf */ = {isa = PBXFileReference; lastKnownFileType = file; path = "Stawix - SoinSansNeue-Heavy.otf"; sourceTree = "<group>"; };
		B542D0A3219EE98F005C9DB6 /* Stawix - SoinSansNeue-Bold.otf */ = {isa = PBXFileReference; lastKnownFileType = file; path = "Stawix - SoinSansNeue-Bold.otf"; sourceTree = "<group>"; };
		B542D0A4219EE98F005C9DB6 /* Stawix - SoinSansNeue-Light.otf */ = {isa = PBXFileReference; lastKnownFileType = file; path = "Stawix - SoinSansNeue-Light.otf"; sourceTree = "<group>"; };
		B542D0BB219EFE5C005C9DB6 /* SignUpVC.swift */ = {isa = PBXFileReference; lastKnownFileType = sourcecode.swift; path = SignUpVC.swift; sourceTree = "<group>"; };
		B5532EA821A4425D006187AB /* ChatVC.swift */ = {isa = PBXFileReference; lastKnownFileType = sourcecode.swift; path = ChatVC.swift; sourceTree = "<group>"; };
		B5532EAA21A442A3006187AB /* ChatCell.swift */ = {isa = PBXFileReference; lastKnownFileType = sourcecode.swift; path = ChatCell.swift; sourceTree = "<group>"; };
		B5532EAC21A44E95006187AB /* ChatIndividualVC.swift */ = {isa = PBXFileReference; lastKnownFileType = sourcecode.swift; path = ChatIndividualVC.swift; sourceTree = "<group>"; xcLanguageSpecificationIdentifier = xcode.lang.swift; };
		B59E168621A01D00007F27CB /* Base */ = {isa = PBXFileReference; lastKnownFileType = file.storyboard; name = Base; path = Base.lproj/Main.storyboard; sourceTree = "<group>"; };
		B59EE49421A3E61100025C18 /* ProfileSideVC.swift */ = {isa = PBXFileReference; lastKnownFileType = sourcecode.swift; path = ProfileSideVC.swift; sourceTree = "<group>"; };
		B59EE49621A3F50E00025C18 /* FriendsCell.swift */ = {isa = PBXFileReference; lastKnownFileType = sourcecode.swift; path = FriendsCell.swift; sourceTree = "<group>"; };
		B5A63FA121A91EBC00861A34 /* FlexibleTextView.swift */ = {isa = PBXFileReference; lastKnownFileType = sourcecode.swift; path = FlexibleTextView.swift; sourceTree = "<group>"; };
		B5A63FA321A92BB200861A34 /* ScrollWhenKeyboardShows.swift */ = {isa = PBXFileReference; lastKnownFileType = sourcecode.swift; path = ScrollWhenKeyboardShows.swift; sourceTree = "<group>"; };
		B5ABEEDD21A3B9F900B0301D /* NewTalk-Bridging-Header.h */ = {isa = PBXFileReference; lastKnownFileType = sourcecode.c.h; path = "NewTalk-Bridging-Header.h"; sourceTree = "<group>"; };
		B5ABEEDE21A3B9FA00B0301D /* SWRevealViewController.h */ = {isa = PBXFileReference; fileEncoding = 4; lastKnownFileType = sourcecode.c.h; path = SWRevealViewController.h; sourceTree = "<group>"; };
		B5ABEEDF21A3B9FB00B0301D /* SWRevealViewController.m */ = {isa = PBXFileReference; fileEncoding = 4; lastKnownFileType = sourcecode.c.objc; path = SWRevealViewController.m; sourceTree = "<group>"; };
		B5ABEEE121A3BCEF00B0301D /* GradientSwift.swift */ = {isa = PBXFileReference; lastKnownFileType = sourcecode.swift; path = GradientSwift.swift; sourceTree = "<group>"; };
		B5B751A8219B011E00D94DF0 /* NewTalk.app */ = {isa = PBXFileReference; explicitFileType = wrapper.application; includeInIndex = 0; path = NewTalk.app; sourceTree = BUILT_PRODUCTS_DIR; };
		B5B751AB219B011E00D94DF0 /* AppDelegate.swift */ = {isa = PBXFileReference; lastKnownFileType = sourcecode.swift; path = AppDelegate.swift; sourceTree = "<group>"; };
		B5B751B5219B012300D94DF0 /* Base */ = {isa = PBXFileReference; lastKnownFileType = file.storyboard; name = Base; path = Base.lproj/LaunchScreen.storyboard; sourceTree = "<group>"; };
		B5B751B7219B012300D94DF0 /* Info.plist */ = {isa = PBXFileReference; lastKnownFileType = text.plist.xml; path = Info.plist; sourceTree = "<group>"; };
		B5C0271321A70A3F00997559 /* EditProfileVC.swift */ = {isa = PBXFileReference; lastKnownFileType = sourcecode.swift; path = EditProfileVC.swift; sourceTree = "<group>"; };
		B5C2C437219F15EF00E6D3EC /* LoginVC.swift */ = {isa = PBXFileReference; lastKnownFileType = sourcecode.swift; path = LoginVC.swift; sourceTree = "<group>"; };
		B5DB34D621A8E5C5009CB768 /* BaseTableView.swift */ = {isa = PBXFileReference; lastKnownFileType = sourcecode.swift; path = BaseTableView.swift; sourceTree = "<group>"; };
		B5DB34D821A8E833009CB768 /* TableViewScroll.swift */ = {isa = PBXFileReference; lastKnownFileType = sourcecode.swift; path = TableViewScroll.swift; sourceTree = "<group>"; };
		B5E6097C219FDC9C0021F8C9 /* Handy.swift */ = {isa = PBXFileReference; lastKnownFileType = sourcecode.swift; path = Handy.swift; sourceTree = "<group>"; };
		B5E6097E219FEBD70021F8C9 /* AuthVC.swift */ = {isa = PBXFileReference; lastKnownFileType = sourcecode.swift; path = AuthVC.swift; sourceTree = "<group>"; };
		B5E60980219FEDCA0021F8C9 /* MeVC.swift */ = {isa = PBXFileReference; lastKnownFileType = sourcecode.swift; path = MeVC.swift; sourceTree = "<group>"; };
		B5E6098221A014280021F8C9 /* MyTabbarClassVC.swift */ = {isa = PBXFileReference; lastKnownFileType = sourcecode.swift; path = MyTabbarClassVC.swift; sourceTree = "<group>"; };
		B5E6098421A018730021F8C9 /* AddFriendsVC.swift */ = {isa = PBXFileReference; lastKnownFileType = sourcecode.swift; path = AddFriendsVC.swift; sourceTree = "<group>"; };
		B5F03B9021AE584200001FBD /* SendPhotoVC.swift */ = {isa = PBXFileReference; lastKnownFileType = sourcecode.swift; path = SendPhotoVC.swift; sourceTree = "<group>"; };
		B5FA89D321BE81F9007FD8BC /* RoundView.swift */ = {isa = PBXFileReference; fileEncoding = 4; lastKnownFileType = sourcecode.swift; path = RoundView.swift; sourceTree = "<group>"; };
		B5FC25F1219FCA7A002287AF /* DataService.swift */ = {isa = PBXFileReference; lastKnownFileType = sourcecode.swift; path = DataService.swift; sourceTree = "<group>"; };
		B5FC25F3219FCE1A002287AF /* AuthService.swift */ = {isa = PBXFileReference; lastKnownFileType = sourcecode.swift; path = AuthService.swift; sourceTree = "<group>"; };
		FB488CABCC5BF5EC6CC9C626 /* Pods_NewTalk.framework */ = {isa = PBXFileReference; explicitFileType = wrapper.framework; includeInIndex = 0; path = Pods_NewTalk.framework; sourceTree = BUILT_PRODUCTS_DIR; };
/* End PBXFileReference section */

/* Begin PBXFrameworksBuildPhase section */
		B5B751A5219B011E00D94DF0 /* Frameworks */ = {
			isa = PBXFrameworksBuildPhase;
			buildActionMask = 2147483647;
			files = (
				B5C81A99ACEF262C7A8D3D1D /* Pods_NewTalk.framework in Frameworks */,
			);
			runOnlyForDeploymentPostprocessing = 0;
		};
/* End PBXFrameworksBuildPhase section */

/* Begin PBXGroup section */
		9928038BF43D1000F66C638D /* Pods */ = {
			isa = PBXGroup;
			children = (
				17F401594EA56CFA29394BC2 /* Pods-NewTalk.debug.xcconfig */,
				03556B118AF5A131037BA145 /* Pods-NewTalk.release.xcconfig */,
			);
			name = Pods;
			sourceTree = "<group>";
		};
		B542D08D219EE79E005C9DB6 /* Controller */ = {
			isa = PBXGroup;
			children = (
				B542D0BB219EFE5C005C9DB6 /* SignUpVC.swift */,
				B5C2C437219F15EF00E6D3EC /* LoginVC.swift */,
				B5E6097E219FEBD70021F8C9 /* AuthVC.swift */,
				B5E60980219FEDCA0021F8C9 /* MeVC.swift */,
				B5E6098221A014280021F8C9 /* MyTabbarClassVC.swift */,
				B5E6098421A018730021F8C9 /* AddFriendsVC.swift */,
				B59EE49421A3E61100025C18 /* ProfileSideVC.swift */,
				B5532EA821A4425D006187AB /* ChatVC.swift */,
				B5532EAC21A44E95006187AB /* ChatIndividualVC.swift */,
				B5C0271321A70A3F00997559 /* EditProfileVC.swift */,
				B5F03B9021AE584200001FBD /* SendPhotoVC.swift */,
			);
			path = Controller;
			sourceTree = "<group>";
		};
		B542D08E219EE7AF005C9DB6 /* View */ = {
			isa = PBXGroup;
			children = (
				B5ABEEE121A3BCEF00B0301D /* GradientSwift.swift */,
				B59EE49621A3F50E00025C18 /* FriendsCell.swift */,
				B5FA89D321BE81F9007FD8BC /* RoundView.swift */,
				B5532EAA21A442A3006187AB /* ChatCell.swift */,
				B51B03C921A82EE900CE0CEC /* ChatIndividualCell.swift */,
				B51B03CB21A8397300CE0CEC /* PaddingLabel.swift */,
				B5DB34D621A8E5C5009CB768 /* BaseTableView.swift */,
				B5A63FA121A91EBC00861A34 /* FlexibleTextView.swift */,
			);
			path = View;
			sourceTree = "<group>";
		};
		B542D08F219EE7B2005C9DB6 /* Model */ = {
			isa = PBXGroup;
			children = (
				B5154E5021A5BF9600522E95 /* MsgForCell.swift */,
			);
			path = Model;
			sourceTree = "<group>";
		};
		B542D090219EE7B5005C9DB6 /* Services */ = {
			isa = PBXGroup;
			children = (
				B5FC25F1219FCA7A002287AF /* DataService.swift */,
				B5FC25F3219FCE1A002287AF /* AuthService.swift */,
			);
			path = Services;
			sourceTree = "<group>";
		};
		B542D091219EE7BC005C9DB6 /* Extensions */ = {
			isa = PBXGroup;
			children = (
				B5DB34D821A8E833009CB768 /* TableViewScroll.swift */,
				B5A63FA321A92BB200861A34 /* ScrollWhenKeyboardShows.swift */,
			);
			path = Extensions;
			sourceTree = "<group>";
		};
		B542D092219EE95C005C9DB6 /* fonts */ = {
			isa = PBXGroup;
			children = (
				B542D09F219EE98E005C9DB6 /* Stawix - SoinSansNeue-Black.otf */,
				B542D093219EE98C005C9DB6 /* Stawix - SoinSansNeue-BlackItalic.otf */,
				B542D0A3219EE98F005C9DB6 /* Stawix - SoinSansNeue-Bold.otf */,
				B542D0A0219EE98E005C9DB6 /* Stawix - SoinSansNeue-BoldItalic.otf */,
				B542D09C219EE98D005C9DB6 /* Stawix - SoinSansNeue-ExtraLight.otf */,
				B542D095219EE98C005C9DB6 /* Stawix - SoinSansNeue-ExtraLightItalic.otf */,
				B542D094219EE98C005C9DB6 /* Stawix - SoinSansNeue-Hairline.otf */,
				B542D0A1219EE98E005C9DB6 /* Stawix - SoinSansNeue-HairlineItalic.otf */,
				B542D0A2219EE98E005C9DB6 /* Stawix - SoinSansNeue-Heavy.otf */,
				B542D09B219EE98D005C9DB6 /* Stawix - SoinSansNeue-HeavyItalic.otf */,
				B542D09E219EE98D005C9DB6 /* Stawix - SoinSansNeue-Italic.otf */,
				B542D0A4219EE98F005C9DB6 /* Stawix - SoinSansNeue-Light.otf */,
				B542D09D219EE98D005C9DB6 /* Stawix - SoinSansNeue-LightItalic.otf */,
				B542D096219EE98C005C9DB6 /* Stawix - SoinSansNeue-Medium.otf */,
				B542D097219EE98C005C9DB6 /* Stawix - SoinSansNeue-MediumItalic.otf */,
				B542D099219EE98D005C9DB6 /* Stawix - SoinSansNeue-Roman.otf */,
				B542D09A219EE98D005C9DB6 /* Stawix - SoinSansNeue-Thin.otf */,
				B542D098219EE98C005C9DB6 /* Stawix - SoinSansNeue-ThinItalic.otf */,
			);
			path = fonts;
			sourceTree = "<group>";
		};
		B5ABEEDC21A3B9E000B0301D /* Supporting Files */ = {
			isa = PBXGroup;
			children = (
				B5ABEEDE21A3B9FA00B0301D /* SWRevealViewController.h */,
				B5ABEEDF21A3B9FB00B0301D /* SWRevealViewController.m */,
				B5ABEEDD21A3B9F900B0301D /* NewTalk-Bridging-Header.h */,
			);
			path = "Supporting Files";
			sourceTree = "<group>";
		};
		B5B7519F219B011E00D94DF0 = {
			isa = PBXGroup;
			children = (
				B5B751AA219B011E00D94DF0 /* NewTalk */,
				B5B751A9219B011E00D94DF0 /* Products */,
				9928038BF43D1000F66C638D /* Pods */,
				C970B97611BEDFECBF50FA1E /* Frameworks */,
			);
			sourceTree = "<group>";
		};
		B5B751A9219B011E00D94DF0 /* Products */ = {
			isa = PBXGroup;
			children = (
				B5B751A8219B011E00D94DF0 /* NewTalk.app */,
			);
			name = Products;
			sourceTree = "<group>";
		};
		B5B751AA219B011E00D94DF0 /* NewTalk */ = {
			isa = PBXGroup;
			children = (
				B5ABEEDC21A3B9E000B0301D /* Supporting Files */,
				B542D092219EE95C005C9DB6 /* fonts */,
				B542D090219EE7B5005C9DB6 /* Services */,
				B542D08D219EE79E005C9DB6 /* Controller */,
				B542D091219EE7BC005C9DB6 /* Extensions */,
				B542D08F219EE7B2005C9DB6 /* Model */,
				B542D08E219EE7AF005C9DB6 /* View */,
				B5B751AB219B011E00D94DF0 /* AppDelegate.swift */,
				B59E168521A01D00007F27CB /* Main.storyboard */,
				B503F08721A048E000D01190 /* Assets.xcassets */,
				B5B751B4219B012300D94DF0 /* LaunchScreen.storyboard */,
				B542D08B219EE460005C9DB6 /* GoogleService-Info.plist */,
				B5B751B7219B012300D94DF0 /* Info.plist */,
				B5E6097C219FDC9C0021F8C9 /* Handy.swift */,
			);
			path = NewTalk;
			sourceTree = "<group>";
		};
		C970B97611BEDFECBF50FA1E /* Frameworks */ = {
			isa = PBXGroup;
			children = (
				FB488CABCC5BF5EC6CC9C626 /* Pods_NewTalk.framework */,
			);
			name = Frameworks;
			sourceTree = "<group>";
		};
/* End PBXGroup section */

/* Begin PBXNativeTarget section */
		B5B751A7219B011E00D94DF0 /* NewTalk */ = {
			isa = PBXNativeTarget;
			buildConfigurationList = B5B751BA219B012300D94DF0 /* Build configuration list for PBXNativeTarget "NewTalk" */;
			buildPhases = (
				C63283B9D6F6F1C0FD59D660 /* [CP] Check Pods Manifest.lock */,
				B5B751A4219B011E00D94DF0 /* Sources */,
				B5B751A5219B011E00D94DF0 /* Frameworks */,
				B5B751A6219B011E00D94DF0 /* Resources */,
				846A77BADDCB2A7BD5E7EB30 /* [CP] Embed Pods Frameworks */,
			);
			buildRules = (
			);
			dependencies = (
			);
			name = NewTalk;
			productName = NewTalk;
			productReference = B5B751A8219B011E00D94DF0 /* NewTalk.app */;
			productType = "com.apple.product-type.application";
		};
/* End PBXNativeTarget section */

/* Begin PBXProject section */
		B5B751A0219B011E00D94DF0 /* Project object */ = {
			isa = PBXProject;
			attributes = {
				LastSwiftUpdateCheck = 1010;
				LastUpgradeCheck = 1010;
				ORGANIZATIONNAME = "Sean Saoirse";
				TargetAttributes = {
					B5B751A7219B011E00D94DF0 = {
						CreatedOnToolsVersion = 10.1;
						LastSwiftMigration = 1010;
					};
				};
			};
			buildConfigurationList = B5B751A3219B011E00D94DF0 /* Build configuration list for PBXProject "NewTalk" */;
			compatibilityVersion = "Xcode 9.3";
			developmentRegion = en;
			hasScannedForEncodings = 0;
			knownRegions = (
				en,
				Base,
			);
			mainGroup = B5B7519F219B011E00D94DF0;
			productRefGroup = B5B751A9219B011E00D94DF0 /* Products */;
			projectDirPath = "";
			projectRoot = "";
			targets = (
				B5B751A7219B011E00D94DF0 /* NewTalk */,
			);
		};
/* End PBXProject section */

/* Begin PBXResourcesBuildPhase section */
		B5B751A6219B011E00D94DF0 /* Resources */ = {
			isa = PBXResourcesBuildPhase;
			buildActionMask = 2147483647;
			files = (
				B5E60973219FD3DE0021F8C9 /* Stawix - SoinSansNeue-HeavyItalic.otf in Resources */,
				B5E6097A219FD3DE0021F8C9 /* Stawix - SoinSansNeue-Thin.otf in Resources */,
				B503F08821A048E000D01190 /* Assets.xcassets in Resources */,
				B542D08C219EE460005C9DB6 /* GoogleService-Info.plist in Resources */,
				B5E60976219FD3DE0021F8C9 /* Stawix - SoinSansNeue-LightItalic.otf in Resources */,
				B5E60970219FD3DE0021F8C9 /* Stawix - SoinSansNeue-Hairline.otf in Resources */,
				B59E168721A01D00007F27CB /* Main.storyboard in Resources */,
				B5E60979219FD3DE0021F8C9 /* Stawix - SoinSansNeue-Roman.otf in Resources */,
				B5E60978219FD3DE0021F8C9 /* Stawix - SoinSansNeue-MediumItalic.otf in Resources */,
				B5E60975219FD3DE0021F8C9 /* Stawix - SoinSansNeue-Light.otf in Resources */,
				B5E6096A219FD3DE0021F8C9 /* Stawix - SoinSansNeue-Black.otf in Resources */,
				B5E6096F219FD3DE0021F8C9 /* Stawix - SoinSansNeue-ExtraLightItalic.otf in Resources */,
				B5E6096C219FD3DE0021F8C9 /* Stawix - SoinSansNeue-Bold.otf in Resources */,
				B5E60977219FD3DE0021F8C9 /* Stawix - SoinSansNeue-Medium.otf in Resources */,
				B5E6096B219FD3DE0021F8C9 /* Stawix - SoinSansNeue-BlackItalic.otf in Resources */,
				B5E60971219FD3DE0021F8C9 /* Stawix - SoinSansNeue-HairlineItalic.otf in Resources */,
				B5E6096E219FD3DE0021F8C9 /* Stawix - SoinSansNeue-ExtraLight.otf in Resources */,
				B5B751B6219B012300D94DF0 /* LaunchScreen.storyboard in Resources */,
				B5E6097B219FD3DE0021F8C9 /* Stawix - SoinSansNeue-ThinItalic.otf in Resources */,
				B5E60972219FD3DE0021F8C9 /* Stawix - SoinSansNeue-Heavy.otf in Resources */,
				B5E6096D219FD3DE0021F8C9 /* Stawix - SoinSansNeue-BoldItalic.otf in Resources */,
				B5E60974219FD3DE0021F8C9 /* Stawix - SoinSansNeue-Italic.otf in Resources */,
			);
			runOnlyForDeploymentPostprocessing = 0;
		};
/* End PBXResourcesBuildPhase section */

/* Begin PBXShellScriptBuildPhase section */
		846A77BADDCB2A7BD5E7EB30 /* [CP] Embed Pods Frameworks */ = {
			isa = PBXShellScriptBuildPhase;
			buildActionMask = 2147483647;
			files = (
			);
			inputPaths = (
				"${SRCROOT}/Pods/Target Support Files/Pods-NewTalk/Pods-NewTalk-frameworks.sh",
				"${BUILT_PRODUCTS_DIR}/GTMSessionFetcher/GTMSessionFetcher.framework",
				"${BUILT_PRODUCTS_DIR}/GoogleUtilities/GoogleUtilities.framework",
				"${BUILT_PRODUCTS_DIR}/SDWebImage/SDWebImage.framework",
				"${BUILT_PRODUCTS_DIR}/leveldb-library/leveldb.framework",
				"${BUILT_PRODUCTS_DIR}/nanopb/nanopb.framework",
			);
			name = "[CP] Embed Pods Frameworks";
			outputPaths = (
				"${TARGET_BUILD_DIR}/${FRAMEWORKS_FOLDER_PATH}/GTMSessionFetcher.framework",
				"${TARGET_BUILD_DIR}/${FRAMEWORKS_FOLDER_PATH}/GoogleUtilities.framework",
				"${TARGET_BUILD_DIR}/${FRAMEWORKS_FOLDER_PATH}/SDWebImage.framework",
				"${TARGET_BUILD_DIR}/${FRAMEWORKS_FOLDER_PATH}/leveldb.framework",
				"${TARGET_BUILD_DIR}/${FRAMEWORKS_FOLDER_PATH}/nanopb.framework",
			);
			runOnlyForDeploymentPostprocessing = 0;
			shellPath = /bin/sh;
			shellScript = "\"${SRCROOT}/Pods/Target Support Files/Pods-NewTalk/Pods-NewTalk-frameworks.sh\"\n";
			showEnvVarsInLog = 0;
		};
		C63283B9D6F6F1C0FD59D660 /* [CP] Check Pods Manifest.lock */ = {
			isa = PBXShellScriptBuildPhase;
			buildActionMask = 2147483647;
			files = (
			);
			inputPaths = (
				"${PODS_PODFILE_DIR_PATH}/Podfile.lock",
				"${PODS_ROOT}/Manifest.lock",
			);
			name = "[CP] Check Pods Manifest.lock";
			outputPaths = (
				"$(DERIVED_FILE_DIR)/Pods-NewTalk-checkManifestLockResult.txt",
			);
			runOnlyForDeploymentPostprocessing = 0;
			shellPath = /bin/sh;
			shellScript = "diff \"${PODS_PODFILE_DIR_PATH}/Podfile.lock\" \"${PODS_ROOT}/Manifest.lock\" > /dev/null\nif [ $? != 0 ] ; then\n    # print error to STDERR\n    echo \"error: The sandbox is not in sync with the Podfile.lock. Run 'pod install' or update your CocoaPods installation.\" >&2\n    exit 1\nfi\n# This output is used by Xcode 'outputs' to avoid re-running this script phase.\necho \"SUCCESS\" > \"${SCRIPT_OUTPUT_FILE_0}\"\n";
			showEnvVarsInLog = 0;
		};
/* End PBXShellScriptBuildPhase section */

/* Begin PBXSourcesBuildPhase section */
		B5B751A4219B011E00D94DF0 /* Sources */ = {
			isa = PBXSourcesBuildPhase;
			buildActionMask = 2147483647;
			files = (
				B5E6097F219FEBD70021F8C9 /* AuthVC.swift in Sources */,
				B5E6098321A014280021F8C9 /* MyTabbarClassVC.swift in Sources */,
				B5ABEEE221A3BCEF00B0301D /* GradientSwift.swift in Sources */,
				B51B03CA21A82EE900CE0CEC /* ChatIndividualCell.swift in Sources */,
				B542D0BC219EFE5C005C9DB6 /* SignUpVC.swift in Sources */,
				B5B751AC219B011E00D94DF0 /* AppDelegate.swift in Sources */,
				B59EE49521A3E61100025C18 /* ProfileSideVC.swift in Sources */,
				B5C0271421A70A3F00997559 /* EditProfileVC.swift in Sources */,
				B5FC25F4219FCE1A002287AF /* AuthService.swift in Sources */,
				B5532EA921A4425D006187AB /* ChatVC.swift in Sources */,
				B51B03CC21A8397300CE0CEC /* PaddingLabel.swift in Sources */,
				B59EE49721A3F50E00025C18 /* FriendsCell.swift in Sources */,
				B5E6097D219FDC9C0021F8C9 /* Handy.swift in Sources */,
				B5532EAB21A442A3006187AB /* ChatCell.swift in Sources */,
				B5ABEEE021A3B9FB00B0301D /* SWRevealViewController.m in Sources */,
				B5A63FA421A92BB200861A34 /* ScrollWhenKeyboardShows.swift in Sources */,
				B5E60981219FEDCA0021F8C9 /* MeVC.swift in Sources */,
				B5F03B9121AE584200001FBD /* SendPhotoVC.swift in Sources */,
				B5DB34D721A8E5C5009CB768 /* BaseTableView.swift in Sources */,
				B5DB34D921A8E833009CB768 /* TableViewScroll.swift in Sources */,
				B5A63FA221A91EBC00861A34 /* FlexibleTextView.swift in Sources */,
				B5E6098521A018730021F8C9 /* AddFriendsVC.swift in Sources */,
				B5154E5121A5BF9600522E95 /* MsgForCell.swift in Sources */,
				B5C2C438219F15EF00E6D3EC /* LoginVC.swift in Sources */,
				B5FC25F2219FCA7A002287AF /* DataService.swift in Sources */,
				B5FA89D421BE81F9007FD8BC /* RoundView.swift in Sources */,
				B5532EAD21A44E95006187AB /* ChatIndividualVC.swift in Sources */,
			);
			runOnlyForDeploymentPostprocessing = 0;
		};
/* End PBXSourcesBuildPhase section */

/* Begin PBXVariantGroup section */
		B59E168521A01D00007F27CB /* Main.storyboard */ = {
			isa = PBXVariantGroup;
			children = (
				B59E168621A01D00007F27CB /* Base */,
			);
			name = Main.storyboard;
			sourceTree = "<group>";
		};
		B5B751B4219B012300D94DF0 /* LaunchScreen.storyboard */ = {
			isa = PBXVariantGroup;
			children = (
				B5B751B5219B012300D94DF0 /* Base */,
			);
			name = LaunchScreen.storyboard;
			sourceTree = "<group>";
		};
/* End PBXVariantGroup section */

/* Begin XCBuildConfiguration section */
		B5B751B8219B012300D94DF0 /* Debug */ = {
			isa = XCBuildConfiguration;
			buildSettings = {
				ALWAYS_SEARCH_USER_PATHS = NO;
				CLANG_ANALYZER_NONNULL = YES;
				CLANG_ANALYZER_NUMBER_OBJECT_CONVERSION = YES_AGGRESSIVE;
				CLANG_CXX_LANGUAGE_STANDARD = "gnu++14";
				CLANG_CXX_LIBRARY = "libc++";
				CLANG_ENABLE_MODULES = YES;
				CLANG_ENABLE_OBJC_ARC = YES;
				CLANG_ENABLE_OBJC_WEAK = YES;
				CLANG_WARN_BLOCK_CAPTURE_AUTORELEASING = YES;
				CLANG_WARN_BOOL_CONVERSION = YES;
				CLANG_WARN_COMMA = YES;
				CLANG_WARN_CONSTANT_CONVERSION = YES;
				CLANG_WARN_DEPRECATED_OBJC_IMPLEMENTATIONS = YES;
				CLANG_WARN_DIRECT_OBJC_ISA_USAGE = YES_ERROR;
				CLANG_WARN_DOCUMENTATION_COMMENTS = YES;
				CLANG_WARN_EMPTY_BODY = YES;
				CLANG_WARN_ENUM_CONVERSION = YES;
				CLANG_WARN_INFINITE_RECURSION = YES;
				CLANG_WARN_INT_CONVERSION = YES;
				CLANG_WARN_NON_LITERAL_NULL_CONVERSION = YES;
				CLANG_WARN_OBJC_IMPLICIT_RETAIN_SELF = YES;
				CLANG_WARN_OBJC_LITERAL_CONVERSION = YES;
				CLANG_WARN_OBJC_ROOT_CLASS = YES_ERROR;
				CLANG_WARN_RANGE_LOOP_ANALYSIS = YES;
				CLANG_WARN_STRICT_PROTOTYPES = YES;
				CLANG_WARN_SUSPICIOUS_MOVE = YES;
				CLANG_WARN_UNGUARDED_AVAILABILITY = YES_AGGRESSIVE;
				CLANG_WARN_UNREACHABLE_CODE = YES;
				CLANG_WARN__DUPLICATE_METHOD_MATCH = YES;
				CODE_SIGN_IDENTITY = "iPhone Developer";
				COPY_PHASE_STRIP = NO;
				DEBUG_INFORMATION_FORMAT = dwarf;
				ENABLE_STRICT_OBJC_MSGSEND = YES;
				ENABLE_TESTABILITY = YES;
				GCC_C_LANGUAGE_STANDARD = gnu11;
				GCC_DYNAMIC_NO_PIC = NO;
				GCC_NO_COMMON_BLOCKS = YES;
				GCC_OPTIMIZATION_LEVEL = 0;
				GCC_PREPROCESSOR_DEFINITIONS = (
					"DEBUG=1",
					"$(inherited)",
				);
				GCC_WARN_64_TO_32_BIT_CONVERSION = YES;
				GCC_WARN_ABOUT_RETURN_TYPE = YES_ERROR;
				GCC_WARN_UNDECLARED_SELECTOR = YES;
				GCC_WARN_UNINITIALIZED_AUTOS = YES_AGGRESSIVE;
				GCC_WARN_UNUSED_FUNCTION = YES;
				GCC_WARN_UNUSED_VARIABLE = YES;
				IPHONEOS_DEPLOYMENT_TARGET = 12.1;
				MTL_ENABLE_DEBUG_INFO = INCLUDE_SOURCE;
				MTL_FAST_MATH = YES;
				ONLY_ACTIVE_ARCH = YES;
				SDKROOT = iphoneos;
				SWIFT_ACTIVE_COMPILATION_CONDITIONS = DEBUG;
				SWIFT_OPTIMIZATION_LEVEL = "-Onone";
			};
			name = Debug;
		};
		B5B751B9219B012300D94DF0 /* Release */ = {
			isa = XCBuildConfiguration;
			buildSettings = {
				ALWAYS_SEARCH_USER_PATHS = NO;
				CLANG_ANALYZER_NONNULL = YES;
				CLANG_ANALYZER_NUMBER_OBJECT_CONVERSION = YES_AGGRESSIVE;
				CLANG_CXX_LANGUAGE_STANDARD = "gnu++14";
				CLANG_CXX_LIBRARY = "libc++";
				CLANG_ENABLE_MODULES = YES;
				CLANG_ENABLE_OBJC_ARC = YES;
				CLANG_ENABLE_OBJC_WEAK = YES;
				CLANG_WARN_BLOCK_CAPTURE_AUTORELEASING = YES;
				CLANG_WARN_BOOL_CONVERSION = YES;
				CLANG_WARN_COMMA = YES;
				CLANG_WARN_CONSTANT_CONVERSION = YES;
				CLANG_WARN_DEPRECATED_OBJC_IMPLEMENTATIONS = YES;
				CLANG_WARN_DIRECT_OBJC_ISA_USAGE = YES_ERROR;
				CLANG_WARN_DOCUMENTATION_COMMENTS = YES;
				CLANG_WARN_EMPTY_BODY = YES;
				CLANG_WARN_ENUM_CONVERSION = YES;
				CLANG_WARN_INFINITE_RECURSION = YES;
				CLANG_WARN_INT_CONVERSION = YES;
				CLANG_WARN_NON_LITERAL_NULL_CONVERSION = YES;
				CLANG_WARN_OBJC_IMPLICIT_RETAIN_SELF = YES;
				CLANG_WARN_OBJC_LITERAL_CONVERSION = YES;
				CLANG_WARN_OBJC_ROOT_CLASS = YES_ERROR;
				CLANG_WARN_RANGE_LOOP_ANALYSIS = YES;
				CLANG_WARN_STRICT_PROTOTYPES = YES;
				CLANG_WARN_SUSPICIOUS_MOVE = YES;
				CLANG_WARN_UNGUARDED_AVAILABILITY = YES_AGGRESSIVE;
				CLANG_WARN_UNREACHABLE_CODE = YES;
				CLANG_WARN__DUPLICATE_METHOD_MATCH = YES;
				CODE_SIGN_IDENTITY = "iPhone Developer";
				COPY_PHASE_STRIP = NO;
				DEBUG_INFORMATION_FORMAT = "dwarf-with-dsym";
				ENABLE_NS_ASSERTIONS = NO;
				ENABLE_STRICT_OBJC_MSGSEND = YES;
				GCC_C_LANGUAGE_STANDARD = gnu11;
				GCC_NO_COMMON_BLOCKS = YES;
				GCC_WARN_64_TO_32_BIT_CONVERSION = YES;
				GCC_WARN_ABOUT_RETURN_TYPE = YES_ERROR;
				GCC_WARN_UNDECLARED_SELECTOR = YES;
				GCC_WARN_UNINITIALIZED_AUTOS = YES_AGGRESSIVE;
				GCC_WARN_UNUSED_FUNCTION = YES;
				GCC_WARN_UNUSED_VARIABLE = YES;
				IPHONEOS_DEPLOYMENT_TARGET = 12.1;
				MTL_ENABLE_DEBUG_INFO = NO;
				MTL_FAST_MATH = YES;
				SDKROOT = iphoneos;
				SWIFT_COMPILATION_MODE = wholemodule;
				SWIFT_OPTIMIZATION_LEVEL = "-O";
				VALIDATE_PRODUCT = YES;
			};
			name = Release;
		};
		B5B751BB219B012300D94DF0 /* Debug */ = {
			isa = XCBuildConfiguration;
			baseConfigurationReference = 17F401594EA56CFA29394BC2 /* Pods-NewTalk.debug.xcconfig */;
			buildSettings = {
				ASSETCATALOG_COMPILER_APPICON_NAME = AppIcon;
				CLANG_ENABLE_MODULES = YES;
				CODE_SIGN_STYLE = Automatic;
				DEVELOPMENT_TEAM = Q33X652UWU;
				INFOPLIST_FILE = NewTalk/Info.plist;
				LD_RUNPATH_SEARCH_PATHS = (
					"$(inherited)",
					"@executable_path/Frameworks",
				);
				PRODUCT_BUNDLE_IDENTIFIER = com.seansaoirse.NewTalk;
				PRODUCT_NAME = "$(TARGET_NAME)";
				SWIFT_OBJC_BRIDGING_HEADER = "NewTalk/Supporting Files/NewTalk-Bridging-Header.h";
				SWIFT_OPTIMIZATION_LEVEL = "-Onone";
				SWIFT_VERSION = 4.2;
				TARGETED_DEVICE_FAMILY = "1,2";
			};
			name = Debug;
		};
		B5B751BC219B012300D94DF0 /* Release */ = {
			isa = XCBuildConfiguration;
			baseConfigurationReference = 03556B118AF5A131037BA145 /* Pods-NewTalk.release.xcconfig */;
			buildSettings = {
				ASSETCATALOG_COMPILER_APPICON_NAME = AppIcon;
				CLANG_ENABLE_MODULES = YES;
				CODE_SIGN_STYLE = Automatic;
				DEVELOPMENT_TEAM = Q33X652UWU;
				INFOPLIST_FILE = NewTalk/Info.plist;
				LD_RUNPATH_SEARCH_PATHS = (
					"$(inherited)",
					"@executable_path/Frameworks",
				);
				PRODUCT_BUNDLE_IDENTIFIER = com.seansaoirse.NewTalk;
				PRODUCT_NAME = "$(TARGET_NAME)";
				SWIFT_OBJC_BRIDGING_HEADER = "NewTalk/Supporting Files/NewTalk-Bridging-Header.h";
				SWIFT_VERSION = 4.2;
				TARGETED_DEVICE_FAMILY = "1,2";
			};
			name = Release;
		};
/* End XCBuildConfiguration section */

/* Begin XCConfigurationList section */
		B5B751A3219B011E00D94DF0 /* Build configuration list for PBXProject "NewTalk" */ = {
			isa = XCConfigurationList;
			buildConfigurations = (
				B5B751B8219B012300D94DF0 /* Debug */,
				B5B751B9219B012300D94DF0 /* Release */,
			);
			defaultConfigurationIsVisible = 0;
			defaultConfigurationName = Release;
		};
		B5B751BA219B012300D94DF0 /* Build configuration list for PBXNativeTarget "NewTalk" */ = {
			isa = XCConfigurationList;
			buildConfigurations = (
				B5B751BB219B012300D94DF0 /* Debug */,
				B5B751BC219B012300D94DF0 /* Release */,
			);
			defaultConfigurationIsVisible = 0;
			defaultConfigurationName = Release;
		};
/* End XCConfigurationList section */
	};
	rootObject = B5B751A0219B011E00D94DF0 /* Project object */;
}
